# THIS IS AN AUTOGENERATED FILE. DO NOT EDIT THIS FILE DIRECTLY.
# yarn lockfile v1


axios@^0.21.0:
  version "0.21.0"
  resolved "https://npm.pri.ibanyu.com/axios/-/axios-0.21.0.tgz#26df088803a2350dff2c27f96fef99fe49442aca"
  integrity sha1-Jt8IiAOiNQ3/LCf5b++Z/klEKso=
  dependencies:
    follow-redirects "^1.10.0"

deepmerge@^4.2.2:
  version "4.2.2"
  resolved "https://npm.pri.ibanyu.com/deepmerge/-/deepmerge-4.2.2.tgz#44d2ea3679b8f4d4ffba33f03d865fc1e7bf4955"
  integrity sha1-RNLqNnm49NT/ujPwPYZfwee/SVU=

dom-serializer@^1.0.1:
  version "1.2.0"
  resolved "https://npm.pri.ibanyu.com/dom-serializer/-/dom-serializer-1.2.0.tgz#3433d9136aeb3c627981daa385fc7f32d27c48f1"
  integrity sha1-NDPZE2rrPGJ5gdqjhfx/MtJ8SPE=
  dependencies:
    domelementtype "^2.0.1"
    domhandler "^4.0.0"
    entities "^2.0.0"

domelementtype@^2.0.1, domelementtype@^2.1.0:
  version "2.1.0"
  resolved "https://npm.pri.ibanyu.com/domelementtype/-/domelementtype-2.1.0.tgz#a851c080a6d1c3d94344aed151d99f669edf585e"
  integrity sha1-qFHAgKbRw9lDRK7RUdmfZp7fWF4=

domhandler@^3.0.0:
  version "3.3.0"
  resolved "https://npm.pri.ibanyu.com/domhandler/-/domhandler-3.3.0.tgz#6db7ea46e4617eb15cf875df68b2b8524ce0037a"
  integrity sha1-bbfqRuRhfrFc+HXfaLK4UkzgA3o=
  dependencies:
    domelementtype "^2.0.1"

domhandler@^4.0.0:
  version "4.0.0"
  resolved "https://npm.pri.ibanyu.com/domhandler/-/domhandler-4.0.0.tgz#01ea7821de996d85f69029e81fa873c21833098e"
  integrity sha1-Aep4Id6ZbYX2kCnoH6hzwhgzCY4=
  dependencies:
    domelementtype "^2.1.0"

domutils@^2.0.0:
  version "2.4.4"
  resolved "https://npm.pri.ibanyu.com/domutils/-/domutils-2.4.4.tgz#282739c4b150d022d34699797369aad8d19bbbd3"
  integrity sha1-KCc5xLFQ0CLTRpl5c2mq2NGbu9M=
  dependencies:
    dom-serializer "^1.0.1"
    domelementtype "^2.0.1"
    domhandler "^4.0.0"

entities@^2.0.0:
  version "2.1.0"
  resolved "https://npm.pri.ibanyu.com/entities/-/entities-2.1.0.tgz#992d3129cf7df6870b96c57858c249a120f8b8b5"
  integrity sha1-mS0xKc999ocLlsV4WMJJoSD4uLU=

follow-redirects@^1.10.0:
  version "1.13.1"
  resolved "https://npm.pri.ibanyu.com/follow-redirects/-/follow-redirects-1.13.1.tgz#5f69b813376cee4fd0474a3aba835df04ab763b7"
  integrity sha1-X2m4Ezds7k/QR0o6uoNd8Eq3Y7c=

he@^1.2.0:
  version "1.2.0"
  resolved "https://npm.pri.ibanyu.com/he/-/he-1.2.0.tgz#84ae65fa7eafb165fddb61566ae14baf05664f0f"
  integrity sha1-hK5l+n6vsWX922FWauFLrwVmTw8=

html-to-text@^6.0.0:
  version "6.0.0"
  resolved "https://npm.pri.ibanyu.com/html-to-text/-/html-to-text-6.0.0.tgz#8b48adb1b781a8378f374c5bb481864a169f59f4"
  integrity sha1-i0itsbeBqDePN0xbtIGGShafWfQ=
  dependencies:
    deepmerge "^4.2.2"
    he "^1.2.0"
    htmlparser2 "^4.1.0"
    lodash "^4.17.20"
    minimist "^1.2.5"

htmlparser2@^4.1.0:
  version "4.1.0"
  resolved "https://npm.pri.ibanyu.com/htmlparser2/-/htmlparser2-4.1.0.tgz#9a4ef161f2e4625ebf7dfbe6c0a2f52d18a59e78"
  integrity sha1-mk7xYfLkYl6/ffvmwKL1LRilnng=
  dependencies:
    domelementtype "^2.0.1"
    domhandler "^3.0.0"
    domutils "^2.0.0"
    entities "^2.0.0"

lodash@^4.17.20:
  version "4.17.20"
  resolved "https://npm.pri.ibanyu.com/lodash/-/lodash-4.17.20.tgz#b44a9b6297bcb698f1c51a3545a2b3b368d59c52"
  integrity sha1-tEqbYpe8tpjxxRo1RaKzs2jVnFI=

minimist@^1.2.5:
  version "1.2.5"
  resolved "https://npm.pri.ibanyu.com/minimist/-/minimist-1.2.5.tgz#67d66014b66a6a8aaa0c083c5fd58df4e4e97602"
  integrity sha1-Z9ZgFLZqaoqqDAg8X9WN9OTpdgI=
